
Microsoft Visual Studio Solution File, Format Version 12.00
# Visual Studio Version 17
VisualStudioVersion = 17.13.35931.197
MinimumVisualStudioVersion = 10.0.40219.1
Project("{FAE04EC0-301F-11D3-BF4B-00C04F79EFBC}") = "ComputerCourse", "ComputerCourse.csproj", "{D561B728-5687-45C9-96AF-0E50E2DBD7DE}"
EndProject
Project("{FAE04EC0-301F-11D3-BF4B-00C04F79EFBC}") = "UnitTestProject1", "..\UnitTestProject1\UnitTestProject1.csproj", "{B343BA69-1C27-410F-80C5-B0BED2D0645D}"
EndProject
Global
	GlobalSection(SolutionConfigurationPlatforms) = preSolution
		Debug|Any CPU = Debug|Any CPU
		Release|Any CPU = Release|Any CPU
	EndGlobalSection
	GlobalSection(ProjectConfigurationPlatforms) = postSolution
		{D561B728-5687-45C9-96AF-0E50E2DBD7DE}.Debug|Any CPU.ActiveCfg = Debug|Any CPU
		{D561B728-5687-45C9-96AF-0E50E2DBD7DE}.Debug|Any CPU.Build.0 = Debug|Any CPU
		{D561B728-5687-45C9-96AF-0E50E2DBD7DE}.Release|Any CPU.ActiveCfg = Release|Any CPU
		{D561B728-5687-45C9-96AF-0E50E2DBD7DE}.Release|Any CPU.Build.0 = Release|Any CPU
		{B343BA69-1C27-410F-80C5-B0BED2D0645D}.Debug|Any CPU.ActiveCfg = Debug|Any CPU
		{B343BA69-1C27-410F-80C5-B0BED2D0645D}.Debug|Any CPU.Build.0 = Debug|Any CPU
		{B343BA69-1C27-410F-80C5-B0BED2D0645D}.Release|Any CPU.ActiveCfg = Release|Any CPU
		{B343BA69-1C27-410F-80C5-B0BED2D0645D}.Release|Any CPU.Build.0 = Release|Any CPU
	EndGlobalSection
	GlobalSection(SolutionProperties) = preSolution
		HideSolutionNode = FALSE
	EndGlobalSection
	GlobalSection(ExtensibilityGlobals) = postSolution
		SolutionGuid = {4FD847D6-AC18-4527-BC0A-04F2E8870705}
	EndGlobalSection
EndGlobal
